// !$*UTF8*$!
{
	archiveVersion = 1;
	classes = {
	};
	objectVersion = 50;
	objects = {

/* Begin PBXBuildFile section */
		AC01B14826D6E3B50012C6D8 /* MetalView.swift in Sources */ = {isa = PBXBuildFile; fileRef = AC01B14726D6E3B50012C6D8 /* MetalView.swift */; };
		AC7B950C26D6E2BE00A94AC8 /* other_windowApp.swift in Sources */ = {isa = PBXBuildFile; fileRef = AC7B950B26D6E2BE00A94AC8 /* other_windowApp.swift */; };
		AC7B950E26D6E2BE00A94AC8 /* ContentView.swift in Sources */ = {isa = PBXBuildFile; fileRef = AC7B950D26D6E2BE00A94AC8 /* ContentView.swift */; };
		AC7B951026D6E2C100A94AC8 /* Assets.xcassets in Resources */ = {isa = PBXBuildFile; fileRef = AC7B950F26D6E2C100A94AC8 /* Assets.xcassets */; };
		AC7B951326D6E2C100A94AC8 /* Preview Assets.xcassets in Resources */ = {isa = PBXBuildFile; fileRef = AC7B951226D6E2C100A94AC8 /* Preview Assets.xcassets */; };
		AC7B951F26D6E2C200A94AC8 /* other_windowTests.swift in Sources */ = {isa = PBXBuildFile; fileRef = AC7B951E26D6E2C200A94AC8 /* other_windowTests.swift */; };
		AC7B952A26D6E2C200A94AC8 /* other_windowUITests.swift in Sources */ = {isa = PBXBuildFile; fileRef = AC7B952926D6E2C200A94AC8 /* other_windowUITests.swift */; };
/* End PBXBuildFile section */

/* Begin PBXContainerItemProxy section */
		AC7B951B26D6E2C200A94AC8 /* PBXContainerItemProxy */ = {
			isa = PBXContainerItemProxy;
			containerPortal = AC45EFE226D6CCA600CF3AAF /* Project object */;
			proxyType = 1;
			remoteGlobalIDString = AC7B950826D6E2BE00A94AC8;
			remoteInfo = "other-window";
		};
		AC7B952626D6E2C200A94AC8 /* PBXContainerItemProxy */ = {
			isa = PBXContainerItemProxy;
			containerPortal = AC45EFE226D6CCA600CF3AAF /* Project object */;
			proxyType = 1;
			remoteGlobalIDString = AC7B950826D6E2BE00A94AC8;
			remoteInfo = "other-window";
		};
/* End PBXContainerItemProxy section */

/* Begin PBXFileReference section */
		AC01B14726D6E3B50012C6D8 /* MetalView.swift */ = {isa = PBXFileReference; lastKnownFileType = sourcecode.swift; path = MetalView.swift; sourceTree = "<group>"; };
		AC7B950926D6E2BE00A94AC8 /* other-window.app */ = {isa = PBXFileReference; explicitFileType = wrapper.application; includeInIndex = 0; path = "other-window.app"; sourceTree = BUILT_PRODUCTS_DIR; };
		AC7B950B26D6E2BE00A94AC8 /* other_windowApp.swift */ = {isa = PBXFileReference; lastKnownFileType = sourcecode.swift; path = other_windowApp.swift; sourceTree = "<group>"; };
		AC7B950D26D6E2BE00A94AC8 /* ContentView.swift */ = {isa = PBXFileReference; lastKnownFileType = sourcecode.swift; path = ContentView.swift; sourceTree = "<group>"; };
		AC7B950F26D6E2C100A94AC8 /* Assets.xcassets */ = {isa = PBXFileReference; lastKnownFileType = folder.assetcatalog; path = Assets.xcassets; sourceTree = "<group>"; };
		AC7B951226D6E2C100A94AC8 /* Preview Assets.xcassets */ = {isa = PBXFileReference; lastKnownFileType = folder.assetcatalog; path = "Preview Assets.xcassets"; sourceTree = "<group>"; };
		AC7B951426D6E2C100A94AC8 /* Info.plist */ = {isa = PBXFileReference; lastKnownFileType = text.plist.xml; path = Info.plist; sourceTree = "<group>"; };
		AC7B951526D6E2C100A94AC8 /* other_window.entitlements */ = {isa = PBXFileReference; lastKnownFileType = text.plist.entitlements; path = other_window.entitlements; sourceTree = "<group>"; };
		AC7B951A26D6E2C200A94AC8 /* other-windowTests.xctest */ = {isa = PBXFileReference; explicitFileType = wrapper.cfbundle; includeInIndex = 0; path = "other-windowTests.xctest"; sourceTree = BUILT_PRODUCTS_DIR; };
		AC7B951E26D6E2C200A94AC8 /* other_windowTests.swift */ = {isa = PBXFileReference; lastKnownFileType = sourcecode.swift; path = other_windowTests.swift; sourceTree = "<group>"; };
		AC7B952026D6E2C200A94AC8 /* Info.plist */ = {isa = PBXFileReference; lastKnownFileType = text.plist.xml; path = Info.plist; sourceTree = "<group>"; };
		AC7B952526D6E2C200A94AC8 /* other-windowUITests.xctest */ = {isa = PBXFileReference; explicitFileType = wrapper.cfbundle; includeInIndex = 0; path = "other-windowUITests.xctest"; sourceTree = BUILT_PRODUCTS_DIR; };
		AC7B952926D6E2C200A94AC8 /* other_windowUITests.swift */ = {isa = PBXFileReference; lastKnownFileType = sourcecode.swift; path = other_windowUITests.swift; sourceTree = "<group>"; };
		AC7B952B26D6E2C200A94AC8 /* Info.plist */ = {isa = PBXFileReference; lastKnownFileType = text.plist.xml; path = Info.plist; sourceTree = "<group>"; };
/* End PBXFileReference section */

/* Begin PBXFrameworksBuildPhase section */
		AC7B950626D6E2BE00A94AC8 /* Frameworks */ = {
			isa = PBXFrameworksBuildPhase;
			buildActionMask = 2147483647;
			files = (
			);
			runOnlyForDeploymentPostprocessing = 0;
		};
		AC7B951726D6E2C200A94AC8 /* Frameworks */ = {
			isa = PBXFrameworksBuildPhase;
			buildActionMask = 2147483647;
			files = (
			);
			runOnlyForDeploymentPostprocessing = 0;
		};
		AC7B952226D6E2C200A94AC8 /* Frameworks */ = {
			isa = PBXFrameworksBuildPhase;
			buildActionMask = 2147483647;
			files = (
			);
			runOnlyForDeploymentPostprocessing = 0;
		};
/* End PBXFrameworksBuildPhase section */

/* Begin PBXGroup section */
		AC45EFE126D6CCA500CF3AAF = {
			isa = PBXGroup;
			children = (
				AC7B950A26D6E2BE00A94AC8 /* other-window */,
				AC7B951D26D6E2C200A94AC8 /* other-windowTests */,
				AC7B952826D6E2C200A94AC8 /* other-windowUITests */,
				AC45EFEB26D6CCA600CF3AAF /* Products */,
			);
			sourceTree = "<group>";
		};
		AC45EFEB26D6CCA600CF3AAF /* Products */ = {
			isa = PBXGroup;
			children = (
				AC7B950926D6E2BE00A94AC8 /* other-window.app */,
				AC7B951A26D6E2C200A94AC8 /* other-windowTests.xctest */,
				AC7B952526D6E2C200A94AC8 /* other-windowUITests.xctest */,
			);
			name = Products;
			sourceTree = "<group>";
		};
		AC7B950A26D6E2BE00A94AC8 /* other-window */ = {
			isa = PBXGroup;
			children = (
				AC7B950B26D6E2BE00A94AC8 /* other_windowApp.swift */,
				AC7B950D26D6E2BE00A94AC8 /* ContentView.swift */,
				AC7B950F26D6E2C100A94AC8 /* Assets.xcassets */,
				AC7B951426D6E2C100A94AC8 /* Info.plist */,
				AC7B951526D6E2C100A94AC8 /* other_window.entitlements */,
				AC7B951126D6E2C100A94AC8 /* Preview Content */,
				AC01B14726D6E3B50012C6D8 /* MetalView.swift */,
			);
			path = "other-window";
			sourceTree = "<group>";
		};
		AC7B951126D6E2C100A94AC8 /* Preview Content */ = {
			isa = PBXGroup;
			children = (
				AC7B951226D6E2C100A94AC8 /* Preview Assets.xcassets */,
			);
			path = "Preview Content";
			sourceTree = "<group>";
		};
		AC7B951D26D6E2C200A94AC8 /* other-windowTests */ = {
			isa = PBXGroup;
			children = (
				AC7B951E26D6E2C200A94AC8 /* other_windowTests.swift */,
				AC7B952026D6E2C200A94AC8 /* Info.plist */,
			);
			path = "other-windowTests";
			sourceTree = "<group>";
		};
		AC7B952826D6E2C200A94AC8 /* other-windowUITests */ = {
			isa = PBXGroup;
			children = (
				AC7B952926D6E2C200A94AC8 /* other_windowUITests.swift */,
				AC7B952B26D6E2C200A94AC8 /* Info.plist */,
			);
			path = "other-windowUITests";
			sourceTree = "<group>";
		};
/* End PBXGroup section */

/* Begin PBXNativeTarget section */
		AC7B950826D6E2BE00A94AC8 /* other-window */ = {
			isa = PBXNativeTarget;
			buildConfigurationList = AC7B953226D6E2C200A94AC8 /* Build configuration list for PBXNativeTarget "other-window" */;
			buildPhases = (
				AC7B950526D6E2BE00A94AC8 /* Sources */,
				AC7B950626D6E2BE00A94AC8 /* Frameworks */,
				AC7B950726D6E2BE00A94AC8 /* Resources */,
			);
			buildRules = (
			);
			dependencies = (
			);
			name = "other-window";
			productName = "other-window";
			productReference = AC7B950926D6E2BE00A94AC8 /* other-window.app */;
			productType = "com.apple.product-type.application";
		};
		AC7B951926D6E2C200A94AC8 /* other-windowTests */ = {
			isa = PBXNativeTarget;
			buildConfigurationList = AC7B953326D6E2C200A94AC8 /* Build configuration list for PBXNativeTarget "other-windowTests" */;
			buildPhases = (
				AC7B951626D6E2C200A94AC8 /* Sources */,
				AC7B951726D6E2C200A94AC8 /* Frameworks */,
				AC7B951826D6E2C200A94AC8 /* Resources */,
			);
			buildRules = (
			);
			dependencies = (
				AC7B951C26D6E2C200A94AC8 /* PBXTargetDependency */,
			);
			name = "other-windowTests";
			productName = "other-windowTests";
			productReference = AC7B951A26D6E2C200A94AC8 /* other-windowTests.xctest */;
			productType = "com.apple.product-type.bundle.unit-test";
		};
		AC7B952426D6E2C200A94AC8 /* other-windowUITests */ = {
			isa = PBXNativeTarget;
			buildConfigurationList = AC7B953426D6E2C200A94AC8 /* Build configuration list for PBXNativeTarget "other-windowUITests" */;
			buildPhases = (
				AC7B952126D6E2C200A94AC8 /* Sources */,
				AC7B952226D6E2C200A94AC8 /* Frameworks */,
				AC7B952326D6E2C200A94AC8 /* Resources */,
			);
			buildRules = (
			);
			dependencies = (
				AC7B952726D6E2C200A94AC8 /* PBXTargetDependency */,
			);
			name = "other-windowUITests";
			productName = "other-windowUITests";
			productReference = AC7B952526D6E2C200A94AC8 /* other-windowUITests.xctest */;
			productType = "com.apple.product-type.bundle.ui-testing";
		};
/* End PBXNativeTarget section */

/* Begin PBXProject section */
		AC45EFE226D6CCA600CF3AAF /* Project object */ = {
			isa = PBXProject;
			attributes = {
				LastSwiftUpdateCheck = 1250;
				LastUpgradeCheck = 1250;
				TargetAttributes = {
					AC7B950826D6E2BE00A94AC8 = {
						CreatedOnToolsVersion = 12.5.1;
					};
					AC7B951926D6E2C200A94AC8 = {
						CreatedOnToolsVersion = 12.5.1;
						TestTargetID = AC7B950826D6E2BE00A94AC8;
					};
					AC7B952426D6E2C200A94AC8 = {
						CreatedOnToolsVersion = 12.5.1;
						TestTargetID = AC7B950826D6E2BE00A94AC8;
					};
				};
			};
			buildConfigurationList = AC45EFE526D6CCA600CF3AAF /* Build configuration list for PBXProject "test-metal-in-other-window" */;
			compatibilityVersion = "Xcode 9.3";
			developmentRegion = en;
			hasScannedForEncodings = 0;
			knownRegions = (
				en,
				Base,
			);
			mainGroup = AC45EFE126D6CCA500CF3AAF;
			productRefGroup = AC45EFEB26D6CCA600CF3AAF /* Products */;
			projectDirPath = "";
			projectRoot = "";
			targets = (
				AC7B950826D6E2BE00A94AC8 /* other-window */,
				AC7B951926D6E2C200A94AC8 /* other-windowTests */,
				AC7B952426D6E2C200A94AC8 /* other-windowUITests */,
			);
		};
/* End PBXProject section */

/* Begin PBXResourcesBuildPhase section */
		AC7B950726D6E2BE00A94AC8 /* Resources */ = {
			isa = PBXResourcesBuildPhase;
			buildActionMask = 2147483647;
			files = (
				AC7B951326D6E2C100A94AC8 /* Preview Assets.xcassets in Resources */,
				AC7B951026D6E2C100A94AC8 /* Assets.xcassets in Resources */,
			);
			runOnlyForDeploymentPostprocessing = 0;
		};
		AC7B951826D6E2C200A94AC8 /* Resources */ = {
			isa = PBXResourcesBuildPhase;
			buildActionMask = 2147483647;
			files = (
			);
			runOnlyForDeploymentPostprocessing = 0;
		};
		AC7B952326D6E2C200A94AC8 /* Resources */ = {
			isa = PBXResourcesBuildPhase;
			buildActionMask = 2147483647;
			files = (
			);
			runOnlyForDeploymentPostprocessing = 0;
		};
/* End PBXResourcesBuildPhase section */

/* Begin PBXSourcesBuildPhase section */
		AC7B950526D6E2BE00A94AC8 /* Sources */ = {
			isa = PBXSourcesBuildPhase;
			buildActionMask = 2147483647;
			files = (
				AC01B14826D6E3B50012C6D8 /* MetalView.swift in Sources */,
				AC7B950E26D6E2BE00A94AC8 /* ContentView.swift in Sources */,
				AC7B950C26D6E2BE00A94AC8 /* other_windowApp.swift in Sources */,
			);
			runOnlyForDeploymentPostprocessing = 0;
		};
		AC7B951626D6E2C200A94AC8 /* Sources */ = {
			isa = PBXSourcesBuildPhase;
			buildActionMask = 2147483647;
			files = (
				AC7B951F26D6E2C200A94AC8 /* other_windowTests.swift in Sources */,
			);
			runOnlyForDeploymentPostprocessing = 0;
		};
		AC7B952126D6E2C200A94AC8 /* Sources */ = {
			isa = PBXSourcesBuildPhase;
			buildActionMask = 2147483647;
			files = (
				AC7B952A26D6E2C200A94AC8 /* other_windowUITests.swift in Sources */,
			);
			runOnlyForDeploymentPostprocessing = 0;
		};
/* End PBXSourcesBuildPhase section */

/* Begin PBXTargetDependency section */
		AC7B951C26D6E2C200A94AC8 /* PBXTargetDependency */ = {
			isa = PBXTargetDependency;
			target = AC7B950826D6E2BE00A94AC8 /* other-window */;
			targetProxy = AC7B951B26D6E2C200A94AC8 /* PBXContainerItemProxy */;
		};
		AC7B952726D6E2C200A94AC8 /* PBXTargetDependency */ = {
			isa = PBXTargetDependency;
			target = AC7B950826D6E2BE00A94AC8 /* other-window */;
			targetProxy = AC7B952626D6E2C200A94AC8 /* PBXContainerItemProxy */;
		};
/* End PBXTargetDependency section */

/* Begin XCBuildConfiguration section */
		AC45F01326D6CCAB00CF3AAF /* Debug */ = {
			isa = XCBuildConfiguration;
			buildSettings = {
				ALWAYS_SEARCH_USER_PATHS = NO;
				CLANG_ANALYZER_NONNULL = YES;
				CLANG_ANALYZER_NUMBER_OBJECT_CONVERSION = YES_AGGRESSIVE;
				CLANG_CXX_LANGUAGE_STANDARD = "gnu++14";
				CLANG_CXX_LIBRARY = "libc++";
				CLANG_ENABLE_MODULES = YES;
				CLANG_ENABLE_OBJC_ARC = YES;
				CLANG_ENABLE_OBJC_WEAK = YES;
				CLANG_WARN_BLOCK_CAPTURE_AUTORELEASING = YES;
				CLANG_WARN_BOOL_CONVERSION = YES;
				CLANG_WARN_COMMA = YES;
				CLANG_WARN_CONSTANT_CONVERSION = YES;
				CLANG_WARN_DEPRECATED_OBJC_IMPLEMENTATIONS = YES;
				CLANG_WARN_DIRECT_OBJC_ISA_USAGE = YES_ERROR;
				CLANG_WARN_DOCUMENTATION_COMMENTS = YES;
				CLANG_WARN_EMPTY_BODY = YES;
				CLANG_WARN_ENUM_CONVERSION = YES;
				CLANG_WARN_INFINITE_RECURSION = YES;
				CLANG_WARN_INT_CONVERSION = YES;
				CLANG_WARN_NON_LITERAL_NULL_CONVERSION = YES;
				CLANG_WARN_OBJC_IMPLICIT_RETAIN_SELF = YES;
				CLANG_WARN_OBJC_LITERAL_CONVERSION = YES;
				CLANG_WARN_OBJC_ROOT_CLASS = YES_ERROR;
				CLANG_WARN_QUOTED_INCLUDE_IN_FRAMEWORK_HEADER = YES;
				CLANG_WARN_RANGE_LOOP_ANALYSIS = YES;
				CLANG_WARN_STRICT_PROTOTYPES = YES;
				CLANG_WARN_SUSPICIOUS_MOVE = YES;
				CLANG_WARN_UNGUARDED_AVAILABILITY = YES_AGGRESSIVE;
				CLANG_WARN_UNREACHABLE_CODE = YES;
				CLANG_WARN__DUPLICATE_METHOD_MATCH = YES;
				COPY_PHASE_STRIP = NO;
				DEBUG_INFORMATION_FORMAT = dwarf;
				ENABLE_STRICT_OBJC_MSGSEND = YES;
				ENABLE_TESTABILITY = YES;
				GCC_C_LANGUAGE_STANDARD = gnu11;
				GCC_DYNAMIC_NO_PIC = NO;
				GCC_NO_COMMON_BLOCKS = YES;
				GCC_OPTIMIZATION_LEVEL = 0;
				GCC_PREPROCESSOR_DEFINITIONS = (
					"DEBUG=1",
					"$(inherited)",
				);
				GCC_WARN_64_TO_32_BIT_CONVERSION = YES;
				GCC_WARN_ABOUT_RETURN_TYPE = YES_ERROR;
				GCC_WARN_UNDECLARED_SELECTOR = YES;
				GCC_WARN_UNINITIALIZED_AUTOS = YES_AGGRESSIVE;
				GCC_WARN_UNUSED_FUNCTION = YES;
				GCC_WARN_UNUSED_VARIABLE = YES;
				MACOSX_DEPLOYMENT_TARGET = 11.3;
				MTL_ENABLE_DEBUG_INFO = INCLUDE_SOURCE;
				MTL_FAST_MATH = YES;
				ONLY_ACTIVE_ARCH = YES;
				SDKROOT = macosx;
				SWIFT_ACTIVE_COMPILATION_CONDITIONS = DEBUG;
				SWIFT_OPTIMIZATION_LEVEL = "-Onone";
			};
			name = Debug;
		};
		AC45F01426D6CCAB00CF3AAF /* Release */ = {
			isa = XCBuildConfiguration;
			buildSettings = {
				ALWAYS_SEARCH_USER_PATHS = NO;
				CLANG_ANALYZER_NONNULL = YES;
				CLANG_ANALYZER_NUMBER_OBJECT_CONVERSION = YES_AGGRESSIVE;
				CLANG_CXX_LANGUAGE_STANDARD = "gnu++14";
				CLANG_CXX_LIBRARY = "libc++";
				CLANG_ENABLE_MODULES = YES;
				CLANG_ENABLE_OBJC_ARC = YES;
				CLANG_ENABLE_OBJC_WEAK = YES;
				CLANG_WARN_BLOCK_CAPTURE_AUTORELEASING = YES;
				CLANG_WARN_BOOL_CONVERSION = YES;
				CLANG_WARN_COMMA = YES;
				CLANG_WARN_CONSTANT_CONVERSION = YES;
				CLANG_WARN_DEPRECATED_OBJC_IMPLEMENTATIONS = YES;
				CLANG_WARN_DIRECT_OBJC_ISA_USAGE = YES_ERROR;
				CLANG_WARN_DOCUMENTATION_COMMENTS = YES;
				CLANG_WARN_EMPTY_BODY = YES;
				CLANG_WARN_ENUM_CONVERSION = YES;
				CLANG_WARN_INFINITE_RECURSION = YES;
				CLANG_WARN_INT_CONVERSION = YES;
				CLANG_WARN_NON_LITERAL_NULL_CONVERSION = YES;
				CLANG_WARN_OBJC_IMPLICIT_RETAIN_SELF = YES;
				CLANG_WARN_OBJC_LITERAL_CONVERSION = YES;
				CLANG_WARN_OBJC_ROOT_CLASS = YES_ERROR;
				CLANG_WARN_QUOTED_INCLUDE_IN_FRAMEWORK_HEADER = YES;
				CLANG_WARN_RANGE_LOOP_ANALYSIS = YES;
				CLANG_WARN_STRICT_PROTOTYPES = YES;
				CLANG_WARN_SUSPICIOUS_MOVE = YES;
				CLANG_WARN_UNGUARDED_AVAILABILITY = YES_AGGRESSIVE;
				CLANG_WARN_UNREACHABLE_CODE = YES;
				CLANG_WARN__DUPLICATE_METHOD_MATCH = YES;
				COPY_PHASE_STRIP = NO;
				DEBUG_INFORMATION_FORMAT = "dwarf-with-dsym";
				ENABLE_NS_ASSERTIONS = NO;
				ENABLE_STRICT_OBJC_MSGSEND = YES;
				GCC_C_LANGUAGE_STANDARD = gnu11;
				GCC_NO_COMMON_BLOCKS = YES;
				GCC_WARN_64_TO_32_BIT_CONVERSION = YES;
				GCC_WARN_ABOUT_RETURN_TYPE = YES_ERROR;
				GCC_WARN_UNDECLARED_SELECTOR = YES;
				GCC_WARN_UNINITIALIZED_AUTOS = YES_AGGRESSIVE;
				GCC_WARN_UNUSED_FUNCTION = YES;
				GCC_WARN_UNUSED_VARIABLE = YES;
				MACOSX_DEPLOYMENT_TARGET = 11.3;
				MTL_ENABLE_DEBUG_INFO = NO;
				MTL_FAST_MATH = YES;
				SDKROOT = macosx;
				SWIFT_COMPILATION_MODE = wholemodule;
				SWIFT_OPTIMIZATION_LEVEL = "-O";
			};
			name = Release;
		};
		AC7B952C26D6E2C200A94AC8 /* Debug */ = {
			isa = XCBuildConfiguration;
			buildSettings = {
				ASSETCATALOG_COMPILER_APPICON_NAME = AppIcon;
				ASSETCATALOG_COMPILER_GLOBAL_ACCENT_COLOR_NAME = AccentColor;
				CODE_SIGN_ENTITLEMENTS = "other-window/other_window.entitlements";
				CODE_SIGN_STYLE = Automatic;
				COMBINE_HIDPI_IMAGES = YES;
				DEVELOPMENT_ASSET_PATHS = "\"other-window/Preview Content\"";
				ENABLE_PREVIEWS = YES;
				INFOPLIST_FILE = "other-window/Info.plist";
				LD_RUNPATH_SEARCH_PATHS = (
					"$(inherited)",
					"@executable_path/../Frameworks",
				);
				MACOSX_DEPLOYMENT_TARGET = 11.0;
				PRODUCT_BUNDLE_IDENTIFIER = "volatilemind.other-window";
				PRODUCT_NAME = "$(TARGET_NAME)";
				SWIFT_OBJC_BRIDGING_HEADER = "";
				SWIFT_VERSION = 5.0;
			};
			name = Debug;
		};
		AC7B952D26D6E2C200A94AC8 /* Release */ = {
			isa = XCBuildConfiguration;
			buildSettings = {
				ASSETCATALOG_COMPILER_APPICON_NAME = AppIcon;
				ASSETCATALOG_COMPILER_GLOBAL_ACCENT_COLOR_NAME = AccentColor;
				CODE_SIGN_ENTITLEMENTS = "other-window/other_window.entitlements";
				CODE_SIGN_STYLE = Automatic;
				COMBINE_HIDPI_IMAGES = YES;
				DEVELOPMENT_ASSET_PATHS = "\"other-window/Preview Content\"";
				ENABLE_PREVIEWS = YES;
				INFOPLIST_FILE = "other-window/Info.plist";
				LD_RUNPATH_SEARCH_PATHS = (
					"$(inherited)",
					"@executable_path/../Frameworks",
				);
				MACOSX_DEPLOYMENT_TARGET = 11.0;
				PRODUCT_BUNDLE_IDENTIFIER = "volatilemind.other-window";
				PRODUCT_NAME = "$(TARGET_NAME)";
				SWIFT_OBJC_BRIDGING_HEADER = "";
				SWIFT_VERSION = 5.0;
			};
			name = Release;
		};
		AC7B952E26D6E2C200A94AC8 /* Debug */ = {
			isa = XCBuildConfiguration;
			buildSettings = {
				ALWAYS_EMBED_SWIFT_STANDARD_LIBRARIES = YES;
				BUNDLE_LOADER = "$(TEST_HOST)";
				CODE_SIGN_STYLE = Automatic;
				COMBINE_HIDPI_IMAGES = YES;
				INFOPLIST_FILE = "other-windowTests/Info.plist";
				LD_RUNPATH_SEARCH_PATHS = (
					"$(inherited)",
					"@executable_path/../Frameworks",
					"@loader_path/../Frameworks",
				);
				MACOSX_DEPLOYMENT_TARGET = 11.0;
				PRODUCT_BUNDLE_IDENTIFIER = "volatilemind.other-windowTests";
				PRODUCT_NAME = "$(TARGET_NAME)";
				SWIFT_VERSION = 5.0;
				TEST_HOST = "$(BUILT_PRODUCTS_DIR)/other-window.app/Contents/MacOS/other-window";
			};
			name = Debug;
		};
		AC7B952F26D6E2C200A94AC8 /* Release */ = {
			isa = XCBuildConfiguration;
			buildSettings = {
				ALWAYS_EMBED_SWIFT_STANDARD_LIBRARIES = YES;
				BUNDLE_LOADER = "$(TEST_HOST)";
				CODE_SIGN_STYLE = Automatic;
				COMBINE_HIDPI_IMAGES = YES;
				INFOPLIST_FILE = "other-windowTests/Info.plist";
				LD_RUNPATH_SEARCH_PATHS = (
					"$(inherited)",
					"@executable_path/../Frameworks",
					"@loader_path/../Frameworks",
				);
				MACOSX_DEPLOYMENT_TARGET = 11.0;
				PRODUCT_BUNDLE_IDENTIFIER = "volatilemind.other-windowTests";
				PRODUCT_NAME = "$(TARGET_NAME)";
				SWIFT_VERSION = 5.0;
				TEST_HOST = "$(BUILT_PRODUCTS_DIR)/other-window.app/Contents/MacOS/other-window";
			};
			name = Release;
		};
		AC7B953026D6E2C200A94AC8 /* Debug */ = {
			isa = XCBuildConfiguration;
			buildSettings = {
				ALWAYS_EMBED_SWIFT_STANDARD_LIBRARIES = YES;
				CODE_SIGN_STYLE = Automatic;
				COMBINE_HIDPI_IMAGES = YES;
				INFOPLIST_FILE = "other-windowUITests/Info.plist";
				LD_RUNPATH_SEARCH_PATHS = (
					"$(inherited)",
					"@executable_path/../Frameworks",
					"@loader_path/../Frameworks",
				);
				PRODUCT_BUNDLE_IDENTIFIER = "volatilemind.other-windowUITests";
				PRODUCT_NAME = "$(TARGET_NAME)";
				SWIFT_VERSION = 5.0;
				TEST_TARGET_NAME = "other-window";
			};
			name = Debug;
		};
		AC7B953126D6E2C200A94AC8 /* Release */ = {
			isa = XCBuildConfiguration;
			buildSettings = {
				ALWAYS_EMBED_SWIFT_STANDARD_LIBRARIES = YES;
				CODE_SIGN_STYLE = Automatic;
				COMBINE_HIDPI_IMAGES = YES;
				INFOPLIST_FILE = "other-windowUITests/Info.plist";
				LD_RUNPATH_SEARCH_PATHS = (
					"$(inherited)",
					"@executable_path/../Frameworks",
					"@loader_path/../Frameworks",
				);
				PRODUCT_BUNDLE_IDENTIFIER = "volatilemind.other-windowUITests";
				PRODUCT_NAME = "$(TARGET_NAME)";
				SWIFT_VERSION = 5.0;
				TEST_TARGET_NAME = "other-window";
			};
			name = Release;
		};
/* End XCBuildConfiguration section */

/* Begin XCConfigurationList section */
		AC45EFE526D6CCA600CF3AAF /* Build configuration list for PBXProject "test-metal-in-other-window" */ = {
			isa = XCConfigurationList;
			buildConfigurations = (
				AC45F01326D6CCAB00CF3AAF /* Debug */,
				AC45F01426D6CCAB00CF3AAF /* Release */,
			);
			defaultConfigurationIsVisible = 0;
			defaultConfigurationName = Release;
		};
		AC7B953226D6E2C200A94AC8 /* Build configuration list for PBXNativeTarget "other-window" */ = {
			isa = XCConfigurationList;
			buildConfigurations = (
				AC7B952C26D6E2C200A94AC8 /* Debug */,
				AC7B952D26D6E2C200A94AC8 /* Release */,
			);
			defaultConfigurationIsVisible = 0;
			defaultConfigurationName = Release;
		};
		AC7B953326D6E2C200A94AC8 /* Build configuration list for PBXNativeTarget "other-windowTests" */ = {
			isa = XCConfigurationList;
			buildConfigurations = (
				AC7B952E26D6E2C200A94AC8 /* Debug */,
				AC7B952F26D6E2C200A94AC8 /* Release */,
			);
			defaultConfigurationIsVisible = 0;
			defaultConfigurationName = Release;
		};
		AC7B953426D6E2C200A94AC8 /* Build configuration list for PBXNativeTarget "other-windowUITests" */ = {
			isa = XCConfigurationList;
			buildConfigurations = (
				AC7B953026D6E2C200A94AC8 /* Debug */,
				AC7B953126D6E2C200A94AC8 /* Release */,
			);
			defaultConfigurationIsVisible = 0;
			defaultConfigurationName = Release;
		};
/* End XCConfigurationList section */
	};
	rootObject = AC45EFE226D6CCA600CF3AAF /* Project object */;
}
